
Microsoft Visual Studio Solution File, Format Version 12.00
# Visual Studio Version 17
VisualStudioVersion = 17.5.002.0
MinimumVisualStudioVersion = 10.0.40219.1
Project("{9A19103F-16F7-4668-BE54-9A1E7A4F7556}") = "teste", "teste.csproj", "{90A3E6B9-5830-45FF-B542-B58D537B6DBA}"
EndProject
Global
	GlobalSection(SolutionConfigurationPlatforms) = preSolution
		Debug|Any CPU = Debug|Any CPU
		Release|Any CPU = Release|Any CPU
	EndGlobalSection
	GlobalSection(ProjectConfigurationPlatforms) = postSolution
		{90A3E6B9-5830-45FF-B542-B58D537B6DBA}.Debug|Any CPU.ActiveCfg = Debug|Any CPU
		{90A3E6B9-5830-45FF-B542-B58D537B6DBA}.Debug|Any CPU.Build.0 = Debug|Any CPU
		{90A3E6B9-5830-45FF-B542-B58D537B6DBA}.Release|Any CPU.ActiveCfg = Release|Any CPU
		{90A3E6B9-5830-45FF-B542-B58D537B6DBA}.Release|Any CPU.Build.0 = Release|Any CPU
	EndGlobalSection
	GlobalSection(SolutionProperties) = preSolution
		HideSolutionNode = FALSE
	EndGlobalSection
	GlobalSection(ExtensibilityGlobals) = postSolution
		SolutionGuid = {B983BCF5-E40D-4849-A592-42E3DE18F533}
	EndGlobalSection
EndGlobal
